
Microsoft Visual Studio Solution File, Format Version 12.00
# Visual Studio 15
VisualStudioVersion = 15.0.27130.2036
MinimumVisualStudioVersion = 10.0.40219.1
Project("{9A19103F-16F7-4668-BE54-9A1E7A4F7556}") = "UsefulToolbox.Internal.Dev", "UsefulToolbox.Internal.Dev\UsefulToolbox.Internal.Dev.csproj", "{3AA65C33-AC64-4548-817A-A0E9454BE085}"
EndProject
Project("{2150E333-8FDC-42A3-9474-1A3956D46DE8}") = "Build", "Build", "{AB53B85F-05BF-44C8-941C-A16484510DF8}"
	ProjectSection(SolutionItems) = preProject
		appveyor.yml = appveyor.yml
	EndProjectSection
EndProject
Global
	GlobalSection(SolutionConfigurationPlatforms) = preSolution
		Debug|Any CPU = Debug|Any CPU
		Release|Any CPU = Release|Any CPU
	EndGlobalSection
	GlobalSection(ProjectConfigurationPlatforms) = postSolution
		{3AA65C33-AC64-4548-817A-A0E9454BE085}.Debug|Any CPU.ActiveCfg = Debug|Any CPU
		{3AA65C33-AC64-4548-817A-A0E9454BE085}.Debug|Any CPU.Build.0 = Debug|Any CPU
		{3AA65C33-AC64-4548-817A-A0E9454BE085}.Release|Any CPU.ActiveCfg = Release|Any CPU
		{3AA65C33-AC64-4548-817A-A0E9454BE085}.Release|Any CPU.Build.0 = Release|Any CPU
	EndGlobalSection
	GlobalSection(SolutionProperties) = preSolution
		HideSolutionNode = FALSE
	EndGlobalSection
	GlobalSection(ExtensibilityGlobals) = postSolution
		SolutionGuid = {B5B5FD89-C1AC-42F2-8CAE-21C722ABD56C}
	EndGlobalSection
EndGlobal
